<?xml version="1.0" encoding="UTF-8" standalone="yes" ?>
<CodeBlocks_project_file>
	<FileVersion major="1" minor="6" />
	<Project>
		<Option title="BattlePong" />
		<Option pch_mode="2" />
		<Option compiler="gcc" />
		<Build>
			<Target title="W32 Release">
				<Option output="bin/W32/BattlePong" prefix_auto="1" extension_auto="1" />
				<Option working_dir="./" />
				<Option object_output="obj/W32/Release/" />
				<Option type="0" />
				<Option compiler="gcc" />
				<Option projectLinkerOptionsRelation="2" />
				<Compiler>
					<Add option="-O3" />
					<Add option="-DX86CPU" />
					<Add option="-DBUILDING_DLL" />
					<Add directory="$(#mingw.include)" />
					<Add directory="$(#mingw.include)/SDL" />
				</Compiler>
				<Linker>
					<Add option="-s" />
					<Add option="-lmingw32" />
					<Add option="-lSDLmain" />
					<Add library="..\allegro\lib\liballegro_color-5.0.10-mt.a" />
					<Add library="..\allegro\lib\liballegro_audio-5.0.10-mt.a" />
					<Add library="..\allegro\lib\liballegro-5.0.10-mt.a" />
					<Add library="..\allegro\lib\liballegro_font-5.0.10-mt.a" />
					<Add library="..\allegro\lib\liballegro_image-5.0.10-mt.a" />
					<Add library="..\allegro\lib\liballegro_acodec-5.0.10-mt.a" />
					<Add library="..\allegro\lib\liballegro_primitives-5.0.10-mt.a" />
					<Add library="..\allegro\lib\liballegro_ttf-5.0.10-mt.a" />
					<Add directory="$(#mingw.lib)" />
					<Add directory="../allegro/lib" />
					<Add directory="../enet-1.3.11/bin/W32" />
				</Linker>
			</Target>
			<Target title="W32 Debug">
				<Option output="bin/W32/BattlePong_Debug" prefix_auto="1" extension_auto="1" />
				<Option working_dir="./" />
				<Option object_output="obj/W32/Debug/" />
				<Option type="1" />
				<Option compiler="gcc" />
				<Option use_console_runner="0" />
				<Option projectLinkerOptionsRelation="2" />
				<Compiler>
					<Add option="-Winit-self" />
					<Add option="-Wunreachable-code" />
					<Add option="-g" />
					<Add option="-DX86CPU" />
					<Add option="-DBUILDING_DLL" />
					<Add option="-D_DEBUG" />
					<Add option="-D_DEEP_DEBUG" />
					<Add directory="$(#mingw.include)" />
					<Add directory="$(#mingw.include)/SDL" />
				</Compiler>
				<Linker>
					<Add option="-lmingw32" />
					<Add option="-lSDLmain" />
					<Add directory="$(#mingw.lib)" />
					<Add directory="../enet-1.3.11/bin/W32/Debug" />
				</Linker>
			</Target>
			<Target title="Pandora Release">
				<Option output="bin/Pandora/BattlePong" prefix_auto="1" extension_auto="0" />
				<Option working_dir="./" />
				<Option object_output="obj/Pandora/Release/" />
				<Option type="0" />
				<Option compiler="armelfgcc" />
				<Compiler>
					<Add option="-mcpu=cortex-a8" />
					<Add option="-mfpu=neon" />
					<Add option="-O3" />
					<Add option="-mtune=cortex-a8" />
					<Add option="-march=armv7-a" />
					<Add option="-ftree-vectorize" />
					<Add option="-mfloat-abi=softfp" />
					<Add option="-ffast-math" />
					<Add option="-fsingle-precision-constant" />
					<Add option="-fno-exceptions" />
					<Add option="-fno-rtti" />
					<Add option="-pipe" />
					<Add option="-DARMCPU" />
					<Add option="-DPANDORA" />
					<Add option="-DMOBILE_DEVICE" />
					<Add directory="$(#pandora_sdk.include)" />
					<Add directory="$(#pandora_sdk.include)/SDL" />
				</Compiler>
				<Linker>
					<Add option="-s" />
					<Add option="-static-libstdc++" />
					<Add option="-lfreetype" />
					<Add option="-lts" />
					<Add option="-lmad" />
					<Add option="-lz" />
					<Add option="-lpng" />
					<Add directory="$(#pandora_sdk.lib)" />
					<Add directory="../enet-1.3.11/bin/Pandora" />
				</Linker>
			</Target>
			<Target title="Pandora Debug">
				<Option output="bin/Pandora/BattlePong_Debug" prefix_auto="1" extension_auto="0" />
				<Option working_dir="./" />
				<Option object_output="obj/Pandora/Debug/" />
				<Option type="0" />
				<Option compiler="armelfgcc" />
				<Compiler>
					<Add option="-mcpu=cortex-a8" />
					<Add option="-mfpu=neon" />
					<Add option="-mtune=cortex-a8" />
					<Add option="-march=armv7-a" />
					<Add option="-ftree-vectorize" />
					<Add option="-mfloat-abi=softfp" />
					<Add option="-ffast-math" />
					<Add option="-fsingle-precision-constant" />
					<Add option="-fno-exceptions" />
					<Add option="-fno-rtti" />
					<Add option="-pipe" />
					<Add option="-DARMCPU" />
					<Add option="-DPANDORA" />
					<Add option="-DMOBILE_DEVICE" />
					<Add option="-D_DEBUG" />
					<Add directory="$(#pandora_sdk.include)" />
					<Add directory="$(#pandora_sdk.include)/SDL" />
				</Compiler>
				<Linker>
					<Add option="-static-libstdc++" />
					<Add option="-lfreetype" />
					<Add option="-lts" />
					<Add option="-lmad" />
					<Add option="-lz" />
					<Add option="-lpng" />
					<Add directory="$(#pandora_sdk.lib)" />
					<Add directory="../enet-1.3.11/bin/Pandora" />
				</Linker>
			</Target>
		</Build>
		<Compiler>
			<Add option="-ffinite-math-only" />
			<Add directory="../allegro/include" />
			<Add directory="../enet-1.3.11/include" />
		</Compiler>
		<Linker>
			<Add option="-lSDL" />
			<Add option="-lSDL_ttf" />
			<Add option="-lSDL_image" />
			<Add option="-lSDL_mixer" />
			<Add option="-lenet" />
		</Linker>
		<Unit filename="../allegro/include/AL/al.h" />
		<Unit filename="../allegro/include/AL/alc.h" />
		<Unit filename="../allegro/include/AL/alext.h" />
		<Unit filename="../allegro/include/AL/efx-creative.h" />
		<Unit filename="../allegro/include/AL/efx.h" />
		<Unit filename="../allegro/include/FLAC/all.h" />
		<Unit filename="../allegro/include/FLAC/assert.h" />
		<Unit filename="../allegro/include/FLAC/callback.h" />
		<Unit filename="../allegro/include/FLAC/export.h" />
		<Unit filename="../allegro/include/FLAC/format.h" />
		<Unit filename="../allegro/include/FLAC/metadata.h" />
		<Unit filename="../allegro/include/FLAC/ordinals.h" />
		<Unit filename="../allegro/include/FLAC/stream_decoder.h" />
		<Unit filename="../allegro/include/FLAC/stream_encoder.h" />
		<Unit filename="../allegro/include/allegro5/alcompat.h" />
		<Unit filename="../allegro/include/allegro5/alinline.h" />
		<Unit filename="../allegro/include/allegro5/allegro.h" />
		<Unit filename="../allegro/include/allegro5/allegro5.h" />
		<Unit filename="../allegro/include/allegro5/allegro_acodec.h" />
		<Unit filename="../allegro/include/allegro5/allegro_audio.h" />
		<Unit filename="../allegro/include/allegro5/allegro_color.h" />
		<Unit filename="../allegro/include/allegro5/allegro_direct3d.h" />
		<Unit filename="../allegro/include/allegro5/allegro_font.h" />
		<Unit filename="../allegro/include/allegro5/allegro_image.h" />
		<Unit filename="../allegro/include/allegro5/allegro_iphone.h" />
		<Unit filename="../allegro/include/allegro5/allegro_memfile.h" />
		<Unit filename="../allegro/include/allegro5/allegro_native_dialog.h" />
		<Unit filename="../allegro/include/allegro5/allegro_opengl.h" />
		<Unit filename="../allegro/include/allegro5/allegro_osx.h" />
		<Unit filename="../allegro/include/allegro5/allegro_physfs.h" />
		<Unit filename="../allegro/include/allegro5/allegro_primitives.h" />
		<Unit filename="../allegro/include/allegro5/allegro_ttf.h" />
		<Unit filename="../allegro/include/allegro5/allegro_windows.h" />
		<Unit filename="../allegro/include/allegro5/altime.h" />
		<Unit filename="../allegro/include/allegro5/base.h" />
		<Unit filename="../allegro/include/allegro5/bitmap.h" />
		<Unit filename="../allegro/include/allegro5/bitmap_draw.h" />
		<Unit filename="../allegro/include/allegro5/bitmap_io.h" />
		<Unit filename="../allegro/include/allegro5/bitmap_lock.h" />
		<Unit filename="../allegro/include/allegro5/blender.h" />
		<Unit filename="../allegro/include/allegro5/color.h" />
		<Unit filename="../allegro/include/allegro5/config.h" />
		<Unit filename="../allegro/include/allegro5/debug.h" />
		<Unit filename="../allegro/include/allegro5/display.h" />
		<Unit filename="../allegro/include/allegro5/drawing.h" />
		<Unit filename="../allegro/include/allegro5/error.h" />
		<Unit filename="../allegro/include/allegro5/events.h" />
		<Unit filename="../allegro/include/allegro5/file.h" />
		<Unit filename="../allegro/include/allegro5/fixed.h" />
		<Unit filename="../allegro/include/allegro5/fmaths.h" />
		<Unit filename="../allegro/include/allegro5/fshook.h" />
		<Unit filename="../allegro/include/allegro5/fullscreen_mode.h" />
		<Unit filename="../allegro/include/allegro5/internal/aintern.h" />
		<Unit filename="../allegro/include/allegro5/internal/aintern_aatree.h" />
		<Unit filename="../allegro/include/allegro5/internal/aintern_acodec_cfg.h" />
		<Unit filename="../allegro/include/allegro5/internal/aintern_atomicops.h" />
		<Unit filename="../allegro/include/allegro5/internal/aintern_audio.h" />
		<Unit filename="../allegro/include/allegro5/internal/aintern_audio_cfg.h" />
		<Unit filename="../allegro/include/allegro5/internal/aintern_bitmap.h" />
		<Unit filename="../allegro/include/allegro5/internal/aintern_blend.h" />
		<Unit filename="../allegro/include/allegro5/internal/aintern_config.h" />
		<Unit filename="../allegro/include/allegro5/internal/aintern_convert.h" />
		<Unit filename="../allegro/include/allegro5/internal/aintern_debug.h" />
		<Unit filename="../allegro/include/allegro5/internal/aintern_direct3d.h" />
		<Unit filename="../allegro/include/allegro5/internal/aintern_display.h" />
		<Unit filename="../allegro/include/allegro5/internal/aintern_driver.h" />
		<Unit filename="../allegro/include/allegro5/internal/aintern_dtor.h" />
		<Unit filename="../allegro/include/allegro5/internal/aintern_events.h" />
		<Unit filename="../allegro/include/allegro5/internal/aintern_exitfunc.h" />
		<Unit filename="../allegro/include/allegro5/internal/aintern_file.h" />
		<Unit filename="../allegro/include/allegro5/internal/aintern_float.h" />
		<Unit filename="../allegro/include/allegro5/internal/aintern_fshook.h" />
		<Unit filename="../allegro/include/allegro5/internal/aintern_gp2xwiz.h" />
		<Unit filename="../allegro/include/allegro5/internal/aintern_image.h" />
		<Unit filename="../allegro/include/allegro5/internal/aintern_image_cfg.h" />
		<Unit filename="../allegro/include/allegro5/internal/aintern_iphone.h" />
		<Unit filename="../allegro/include/allegro5/internal/aintern_joystick.h" />
		<Unit filename="../allegro/include/allegro5/internal/aintern_keyboard.h" />
		<Unit filename="../allegro/include/allegro5/internal/aintern_list.h" />
		<Unit filename="../allegro/include/allegro5/internal/aintern_memblit.h" />
		<Unit filename="../allegro/include/allegro5/internal/aintern_memdraw.h" />
		<Unit filename="../allegro/include/allegro5/internal/aintern_mouse.h" />
		<Unit filename="../allegro/include/allegro5/internal/aintern_native_dialog.h" />
		<Unit filename="../allegro/include/allegro5/internal/aintern_native_dialog_cfg.h" />
		<Unit filename="../allegro/include/allegro5/internal/aintern_opengl.h" />
		<Unit filename="../allegro/include/allegro5/internal/aintern_path.h" />
		<Unit filename="../allegro/include/allegro5/internal/aintern_pixels.h" />
		<Unit filename="../allegro/include/allegro5/internal/aintern_prim.h" />
		<Unit filename="../allegro/include/allegro5/internal/aintern_prim_directx.h" />
		<Unit filename="../allegro/include/allegro5/internal/aintern_prim_opengl.h" />
		<Unit filename="../allegro/include/allegro5/internal/aintern_prim_soft.h" />
		<Unit filename="../allegro/include/allegro5/internal/aintern_system.h" />
		<Unit filename="../allegro/include/allegro5/internal/aintern_thread.h" />
		<Unit filename="../allegro/include/allegro5/internal/aintern_timer.h" />
		<Unit filename="../allegro/include/allegro5/internal/aintern_tls.h" />
		<Unit filename="../allegro/include/allegro5/internal/aintern_transform.h" />
		<Unit filename="../allegro/include/allegro5/internal/aintern_tri_soft.h" />
		<Unit filename="../allegro/include/allegro5/internal/aintern_ttf_cfg.h" />
		<Unit filename="../allegro/include/allegro5/internal/aintern_vector.h" />
		<Unit filename="../allegro/include/allegro5/internal/aintern_wunicode.h" />
		<Unit filename="../allegro/include/allegro5/internal/aintern_x.h" />
		<Unit filename="../allegro/include/allegro5/internal/aintern_xcursor.h" />
		<Unit filename="../allegro/include/allegro5/internal/aintern_xdisplay.h" />
		<Unit filename="../allegro/include/allegro5/internal/aintern_xevents.h" />
		<Unit filename="../allegro/include/allegro5/internal/aintern_xfullscreen.h" />
		<Unit filename="../allegro/include/allegro5/internal/aintern_xglx_config.h" />
		<Unit filename="../allegro/include/allegro5/internal/aintern_xkeyboard.h" />
		<Unit filename="../allegro/include/allegro5/internal/aintern_xmouse.h" />
		<Unit filename="../allegro/include/allegro5/internal/aintern_xsystem.h" />
		<Unit filename="../allegro/include/allegro5/internal/aintern_xwindow.h" />
		<Unit filename="../allegro/include/allegro5/internal/alconfig.h" />
		<Unit filename="../allegro/include/allegro5/internal/bstrlib.h" />
		<Unit filename="../allegro/include/allegro5/joystick.h" />
		<Unit filename="../allegro/include/allegro5/keyboard.h" />
		<Unit filename="../allegro/include/allegro5/keycodes.h" />
		<Unit filename="../allegro/include/allegro5/memory.h" />
		<Unit filename="../allegro/include/allegro5/monitor.h" />
		<Unit filename="../allegro/include/allegro5/mouse.h" />
		<Unit filename="../allegro/include/allegro5/mouse_cursor.h" />
		<Unit filename="../allegro/include/allegro5/opengl/GLext/gl_ext_alias.h" />
		<Unit filename="../allegro/include/allegro5/opengl/GLext/gl_ext_api.h" />
		<Unit filename="../allegro/include/allegro5/opengl/GLext/gl_ext_defs.h" />
		<Unit filename="../allegro/include/allegro5/opengl/GLext/gl_ext_list.h" />
		<Unit filename="../allegro/include/allegro5/opengl/GLext/glx_ext_alias.h" />
		<Unit filename="../allegro/include/allegro5/opengl/GLext/glx_ext_api.h" />
		<Unit filename="../allegro/include/allegro5/opengl/GLext/glx_ext_defs.h" />
		<Unit filename="../allegro/include/allegro5/opengl/GLext/glx_ext_list.h" />
		<Unit filename="../allegro/include/allegro5/opengl/GLext/wgl_ext_alias.h" />
		<Unit filename="../allegro/include/allegro5/opengl/GLext/wgl_ext_api.h" />
		<Unit filename="../allegro/include/allegro5/opengl/GLext/wgl_ext_defs.h" />
		<Unit filename="../allegro/include/allegro5/opengl/GLext/wgl_ext_list.h" />
		<Unit filename="../allegro/include/allegro5/opengl/gl_ext.h" />
		<Unit filename="../allegro/include/allegro5/path.h" />
		<Unit filename="../allegro/include/allegro5/platform/aintiphone.h" />
		<Unit filename="../allegro/include/allegro5/platform/aintlnx.h" />
		<Unit filename="../allegro/include/allegro5/platform/aintosx.h" />
		<Unit filename="../allegro/include/allegro5/platform/aintunix.h" />
		<Unit filename="../allegro/include/allegro5/platform/aintuthr.h" />
		<Unit filename="../allegro/include/allegro5/platform/aintwin.h" />
		<Unit filename="../allegro/include/allegro5/platform/aintwiz.h" />
		<Unit filename="../allegro/include/allegro5/platform/aintwthr.h" />
		<Unit filename="../allegro/include/allegro5/platform/aintxglx.h" />
		<Unit filename="../allegro/include/allegro5/platform/albcc32.h" />
		<Unit filename="../allegro/include/allegro5/platform/aldmc.h" />
		<Unit filename="../allegro/include/allegro5/platform/aliphone.h" />
		<Unit filename="../allegro/include/allegro5/platform/aliphonecfg.h" />
		<Unit filename="../allegro/include/allegro5/platform/almngw32.h" />
		<Unit filename="../allegro/include/allegro5/platform/almsvc.h" />
		<Unit filename="../allegro/include/allegro5/platform/alosx.h" />
		<Unit filename="../allegro/include/allegro5/platform/alosxcfg.h" />
		<Unit filename="../allegro/include/allegro5/platform/alplatf.h" />
		<Unit filename="../allegro/include/allegro5/platform/alucfg.h" />
		<Unit filename="../allegro/include/allegro5/platform/alunix.h" />
		<Unit filename="../allegro/include/allegro5/platform/alwatcom.h" />
		<Unit filename="../allegro/include/allegro5/platform/alwin.h" />
		<Unit filename="../allegro/include/allegro5/platform/alwiz.h" />
		<Unit filename="../allegro/include/allegro5/platform/alwizcfg.h" />
		<Unit filename="../allegro/include/allegro5/platform/astdbool.h" />
		<Unit filename="../allegro/include/allegro5/platform/astdint.h" />
		<Unit filename="../allegro/include/allegro5/system.h" />
		<Unit filename="../allegro/include/allegro5/threads.h" />
		<Unit filename="../allegro/include/allegro5/timer.h" />
		<Unit filename="../allegro/include/allegro5/tls.h" />
		<Unit filename="../allegro/include/allegro5/transformations.h" />
		<Unit filename="../allegro/include/allegro5/utf8.h" />
		<Unit filename="../allegro/include/dumb.h" />
		<Unit filename="../allegro/include/freetype/config/ftconfig.h" />
		<Unit filename="../allegro/include/freetype/config/ftheader.h" />
		<Unit filename="../allegro/include/freetype/config/ftmodule.h" />
		<Unit filename="../allegro/include/freetype/config/ftoption.h" />
		<Unit filename="../allegro/include/freetype/config/ftstdlib.h" />
		<Unit filename="../allegro/include/freetype/freetype.h" />
		<Unit filename="../allegro/include/freetype/ftadvanc.h" />
		<Unit filename="../allegro/include/freetype/ftbbox.h" />
		<Unit filename="../allegro/include/freetype/ftbdf.h" />
		<Unit filename="../allegro/include/freetype/ftbitmap.h" />
		<Unit filename="../allegro/include/freetype/ftbzip2.h" />
		<Unit filename="../allegro/include/freetype/ftcache.h" />
		<Unit filename="../allegro/include/freetype/ftchapters.h" />
		<Unit filename="../allegro/include/freetype/ftcid.h" />
		<Unit filename="../allegro/include/freetype/fterrdef.h" />
		<Unit filename="../allegro/include/freetype/fterrors.h" />
		<Unit filename="../allegro/include/freetype/ftgasp.h" />
		<Unit filename="../allegro/include/freetype/ftglyph.h" />
		<Unit filename="../allegro/include/freetype/ftgxval.h" />
		<Unit filename="../allegro/include/freetype/ftgzip.h" />
		<Unit filename="../allegro/include/freetype/ftimage.h" />
		<Unit filename="../allegro/include/freetype/ftincrem.h" />
		<Unit filename="../allegro/include/freetype/ftlcdfil.h" />
		<Unit filename="../allegro/include/freetype/ftlist.h" />
		<Unit filename="../allegro/include/freetype/ftlzw.h" />
		<Unit filename="../allegro/include/freetype/ftmac.h" />
		<Unit filename="../allegro/include/freetype/ftmm.h" />
		<Unit filename="../allegro/include/freetype/ftmodapi.h" />
		<Unit filename="../allegro/include/freetype/ftmoderr.h" />
		<Unit filename="../allegro/include/freetype/ftotval.h" />
		<Unit filename="../allegro/include/freetype/ftoutln.h" />
		<Unit filename="../allegro/include/freetype/ftpfr.h" />
		<Unit filename="../allegro/include/freetype/ftrender.h" />
		<Unit filename="../allegro/include/freetype/ftsizes.h" />
		<Unit filename="../allegro/include/freetype/ftsnames.h" />
		<Unit filename="../allegro/include/freetype/ftstroke.h" />
		<Unit filename="../allegro/include/freetype/ftsynth.h" />
		<Unit filename="../allegro/include/freetype/ftsystem.h" />
		<Unit filename="../allegro/include/freetype/fttrigon.h" />
		<Unit filename="../allegro/include/freetype/fttypes.h" />
		<Unit filename="../allegro/include/freetype/ftwinfnt.h" />
		<Unit filename="../allegro/include/freetype/ftxf86.h" />
		<Unit filename="../allegro/include/freetype/internal/autohint.h" />
		<Unit filename="../allegro/include/freetype/internal/ftcalc.h" />
		<Unit filename="../allegro/include/freetype/internal/ftdebug.h" />
		<Unit filename="../allegro/include/freetype/internal/ftdriver.h" />
		<Unit filename="../allegro/include/freetype/internal/ftgloadr.h" />
		<Unit filename="../allegro/include/freetype/internal/ftmemory.h" />
		<Unit filename="../allegro/include/freetype/internal/ftobjs.h" />
		<Unit filename="../allegro/include/freetype/internal/ftpic.h" />
		<Unit filename="../allegro/include/freetype/internal/ftrfork.h" />
		<Unit filename="../allegro/include/freetype/internal/ftserv.h" />
		<Unit filename="../allegro/include/freetype/internal/ftstream.h" />
		<Unit filename="../allegro/include/freetype/internal/fttrace.h" />
		<Unit filename="../allegro/include/freetype/internal/ftvalid.h" />
		<Unit filename="../allegro/include/freetype/internal/internal.h" />
		<Unit filename="../allegro/include/freetype/internal/psaux.h" />
		<Unit filename="../allegro/include/freetype/internal/pshints.h" />
		<Unit filename="../allegro/include/freetype/internal/services/svbdf.h" />
		<Unit filename="../allegro/include/freetype/internal/services/svcid.h" />
		<Unit filename="../allegro/include/freetype/internal/services/svgldict.h" />
		<Unit filename="../allegro/include/freetype/internal/services/svgxval.h" />
		<Unit filename="../allegro/include/freetype/internal/services/svkern.h" />
		<Unit filename="../allegro/include/freetype/internal/services/svmm.h" />
		<Unit filename="../allegro/include/freetype/internal/services/svotval.h" />
		<Unit filename="../allegro/include/freetype/internal/services/svpfr.h" />
		<Unit filename="../allegro/include/freetype/internal/services/svpostnm.h" />
		<Unit filename="../allegro/include/freetype/internal/services/svpscmap.h" />
		<Unit filename="../allegro/include/freetype/internal/services/svpsinfo.h" />
		<Unit filename="../allegro/include/freetype/internal/services/svsfnt.h" />
		<Unit filename="../allegro/include/freetype/internal/services/svttcmap.h" />
		<Unit filename="../allegro/include/freetype/internal/services/svtteng.h" />
		<Unit filename="../allegro/include/freetype/internal/services/svttglyf.h" />
		<Unit filename="../allegro/include/freetype/internal/services/svwinfnt.h" />
		<Unit filename="../allegro/include/freetype/internal/services/svxf86nm.h" />
		<Unit filename="../allegro/include/freetype/internal/sfnt.h" />
		<Unit filename="../allegro/include/freetype/internal/t1types.h" />
		<Unit filename="../allegro/include/freetype/internal/tttypes.h" />
		<Unit filename="../allegro/include/freetype/t1tables.h" />
		<Unit filename="../allegro/include/freetype/ttnameid.h" />
		<Unit filename="../allegro/include/freetype/tttables.h" />
		<Unit filename="../allegro/include/freetype/tttags.h" />
		<Unit filename="../allegro/include/freetype/ttunpat.h" />
		<Unit filename="../allegro/include/ft2build.h" />
		<Unit filename="../allegro/include/ogg/ogg.h" />
		<Unit filename="../allegro/include/ogg/os_types.h" />
		<Unit filename="../allegro/include/physfs.h" />
		<Unit filename="../allegro/include/vorbis/codec.h" />
		<Unit filename="../allegro/include/vorbis/vorbisenc.h" />
		<Unit filename="../allegro/include/vorbis/vorbisfile.h" />
		<Unit filename="../allegro/include/zconf.h" />
		<Unit filename="../allegro/include/zlib.h" />
		<Unit filename="framework/event.cpp" />
		<Unit filename="framework/event.h" />
		<Unit filename="framework/framework.cpp" />
		<Unit filename="framework/framework.h" />
		<Unit filename="framework/includes.h" />
		<Unit filename="framework/main.cpp" />
		<Unit filename="framework/network.cpp" />
		<Unit filename="framework/network.h" />
		<Unit filename="framework/stage.h" />
		<Unit filename="framework/stagestack.cpp" />
		<Unit filename="framework/stagestack.h" />
		<Unit filename="game/battle/battle.cpp" />
		<Unit filename="game/battle/battle.h" />
		<Unit filename="game/battle/battleball.cpp" />
		<Unit filename="game/battle/battleball.h" />
		<Unit filename="game/battle/battleover.cpp" />
		<Unit filename="game/battle/battleover.h" />
		<Unit filename="game/battle/battleplayer.cpp" />
		<Unit filename="game/battle/battleplayer.h" />
		<Unit filename="game/battle/cloneball.cpp" />
		<Unit filename="game/battle/cloneball.h" />
		<Unit filename="game/battle/fireball.cpp" />
		<Unit filename="game/battle/fireball.h" />
		<Unit filename="game/battle/freezeball.cpp" />
		<Unit filename="game/battle/freezeball.h" />
		<Unit filename="game/battle/homingfireball.cpp" />
		<Unit filename="game/battle/homingfireball.h" />
		<Unit filename="game/battle/particle.cpp" />
		<Unit filename="game/battle/particle.h" />
		<Unit filename="game/boot.cpp" />
		<Unit filename="game/boot.h" />
		<Unit filename="game/classic/classic.cpp" />
		<Unit filename="game/classic/classic.h" />
		<Unit filename="game/classic/classicball.cpp" />
		<Unit filename="game/classic/classicball.h" />
		<Unit filename="game/core/arena.h" />
		<Unit filename="game/core/player.cpp" />
		<Unit filename="game/core/player.h" />
		<Unit filename="game/core/projectile.cpp" />
		<Unit filename="game/core/projectile.h" />
		<Unit filename="game/getkeypress.cpp" />
		<Unit filename="game/getkeypress.h" />
		<Unit filename="game/menu.cpp" />
		<Unit filename="game/menu.h" />
		<Unit filename="game/settings.cpp" />
		<Unit filename="game/settings.h" />
		<Unit filename="library/angle.cpp" />
		<Unit filename="library/angle.h" />
		<Unit filename="library/animation.cpp" />
		<Unit filename="library/animation.h" />
		<Unit filename="library/box.cpp" />
		<Unit filename="library/box.h" />
		<Unit filename="library/configfile.cpp" />
		<Unit filename="library/configfile.h" />
		<Unit filename="library/line.cpp" />
		<Unit filename="library/line.h" />
		<Unit filename="library/maths.h" />
		<Unit filename="library/memory.cpp" />
		<Unit filename="library/memory.h" />
		<Unit filename="library/spritesheet.cpp" />
		<Unit filename="library/spritesheet.h" />
		<Unit filename="library/vector2.cpp" />
		<Unit filename="library/vector2.h" />
		<Unit filename="shaders/greyscale.cpp" />
		<Unit filename="shaders/greyscale.h" />
		<Unit filename="shaders/scanlines.cpp" />
		<Unit filename="shaders/scanlines.h" />
		<Unit filename="shaders/shader.h" />
		<Unit filename="shaders/shaders.h" />
		<Unit filename="transitions/fadein.cpp" />
		<Unit filename="transitions/fadein.h" />
		<Unit filename="transitions/strips.cpp" />
		<Unit filename="transitions/strips.h" />
		<Unit filename="transitions/tiled.cpp" />
		<Unit filename="transitions/tiled.h" />
		<Unit filename="transitions/transitions.h" />
		<Extensions>
			<DoxyBlocks>
				<comment_style block="0" line="0" />
				<doxyfile_project />
				<doxyfile_build />
				<doxyfile_warnings />
				<doxyfile_output />
				<doxyfile_dot />
				<general />
			</DoxyBlocks>
			<code_completion />
			<envvars />
			<debugger />
			<lib_finder disable_auto="1" />
		</Extensions>
	</Project>
</CodeBlocks_project_file>
